
Microsoft Visual Studio Solution File, Format Version 12.00
# Visual Studio Version 17
VisualStudioVersion = 17.1.32407.343
MinimumVisualStudioVersion = 10.0.40219.1
Project("{FAE04EC0-301F-11D3-BF4B-00C04F79EFBC}") = "Clock", "Clock\Clock.csproj", "{21E9811B-2549-4041-9E4D-D1BD77094E40}"
EndProject
Global
	GlobalSection(SolutionConfigurationPlatforms) = preSolution
		Debug|Any CPU = Debug|Any CPU
		Release|Any CPU = Release|Any CPU
	EndGlobalSection
	GlobalSection(ProjectConfigurationPlatforms) = postSolution
		{21E9811B-2549-4041-9E4D-D1BD77094E40}.Debug|Any CPU.ActiveCfg = Debug|Any CPU
		{21E9811B-2549-4041-9E4D-D1BD77094E40}.Debug|Any CPU.Build.0 = Debug|Any CPU
		{21E9811B-2549-4041-9E4D-D1BD77094E40}.Release|Any CPU.ActiveCfg = Release|Any CPU
		{21E9811B-2549-4041-9E4D-D1BD77094E40}.Release|Any CPU.Build.0 = Release|Any CPU
	EndGlobalSection
	GlobalSection(SolutionProperties) = preSolution
		HideSolutionNode = FALSE
	EndGlobalSection
	GlobalSection(ExtensibilityGlobals) = postSolution
		SolutionGuid = {C0AA61C5-B7F6-4AD0-B9DD-D72D9ACD0544}
	EndGlobalSection
EndGlobal
